// !$*UTF8*$!
{
	archiveVersion = 1;
	classes = {
	};
	objectVersion = 50;
	objects = {

/* Begin PBXBuildFile section */
		27266B5223E8FFCA00949DD5 /* AppDelegate.swift in Sources */ = {isa = PBXBuildFile; fileRef = 27266B5123E8FFCA00949DD5 /* AppDelegate.swift */; };
		27266B5423E8FFCA00949DD5 /* SceneDelegate.swift in Sources */ = {isa = PBXBuildFile; fileRef = 27266B5323E8FFCA00949DD5 /* SceneDelegate.swift */; };
		27266B5B23E8FFCD00949DD5 /* Assets.xcassets in Resources */ = {isa = PBXBuildFile; fileRef = 27266B5A23E8FFCD00949DD5 /* Assets.xcassets */; };
		27266B5E23E8FFCD00949DD5 /* LaunchScreen.storyboard in Resources */ = {isa = PBXBuildFile; fileRef = 27266B5C23E8FFCD00949DD5 /* LaunchScreen.storyboard */; };
		27266B6A23E9021A00949DD5 /* TVShowSearchVC.swift in Sources */ = {isa = PBXBuildFile; fileRef = 27266B6923E9021A00949DD5 /* TVShowSearchVC.swift */; };
		27266B6D23E9131A00949DD5 /* ShowTableViewCell.swift in Sources */ = {isa = PBXBuildFile; fileRef = 27266B6C23E9131A00949DD5 /* ShowTableViewCell.swift */; };
		27266B6F23E9177D00949DD5 /* SeasonsTableVC.swift in Sources */ = {isa = PBXBuildFile; fileRef = 27266B6E23E9177D00949DD5 /* SeasonsTableVC.swift */; };
		27266B7123E9246500949DD5 /* EpisodeDetailVC.swift in Sources */ = {isa = PBXBuildFile; fileRef = 27266B7023E9246500949DD5 /* EpisodeDetailVC.swift */; };
		27266B7323E9C55300949DD5 /* Show.swift in Sources */ = {isa = PBXBuildFile; fileRef = 27266B7223E9C55200949DD5 /* Show.swift */; };
		27266B7523E9C5AC00949DD5 /* Season.swift in Sources */ = {isa = PBXBuildFile; fileRef = 27266B7423E9C5AC00949DD5 /* Season.swift */; };
		27266B7723E9C5D200949DD5 /* Episode.swift in Sources */ = {isa = PBXBuildFile; fileRef = 27266B7623E9C5D200949DD5 /* Episode.swift */; };
		27266B7A23E9C66E00949DD5 /* ShowController.swift in Sources */ = {isa = PBXBuildFile; fileRef = 27266B7923E9C66E00949DD5 /* ShowController.swift */; };
/* End PBXBuildFile section */

/* Begin PBXFileReference section */
		27266B4E23E8FFCA00949DD5 /* RayaApp.app */ = {isa = PBXFileReference; explicitFileType = wrapper.application; includeInIndex = 0; path = RayaApp.app; sourceTree = BUILT_PRODUCTS_DIR; };
		27266B5123E8FFCA00949DD5 /* AppDelegate.swift */ = {isa = PBXFileReference; lastKnownFileType = sourcecode.swift; path = AppDelegate.swift; sourceTree = "<group>"; };
		27266B5323E8FFCA00949DD5 /* SceneDelegate.swift */ = {isa = PBXFileReference; lastKnownFileType = sourcecode.swift; path = SceneDelegate.swift; sourceTree = "<group>"; };
		27266B5A23E8FFCD00949DD5 /* Assets.xcassets */ = {isa = PBXFileReference; lastKnownFileType = folder.assetcatalog; path = Assets.xcassets; sourceTree = "<group>"; };
		27266B5D23E8FFCD00949DD5 /* Base */ = {isa = PBXFileReference; lastKnownFileType = file.storyboard; name = Base; path = Base.lproj/LaunchScreen.storyboard; sourceTree = "<group>"; };
		27266B5F23E8FFCD00949DD5 /* Info.plist */ = {isa = PBXFileReference; lastKnownFileType = text.plist.xml; path = Info.plist; sourceTree = "<group>"; };
		27266B6923E9021A00949DD5 /* TVShowSearchVC.swift */ = {isa = PBXFileReference; lastKnownFileType = sourcecode.swift; path = TVShowSearchVC.swift; sourceTree = "<group>"; };
		27266B6C23E9131A00949DD5 /* ShowTableViewCell.swift */ = {isa = PBXFileReference; lastKnownFileType = sourcecode.swift; path = ShowTableViewCell.swift; sourceTree = "<group>"; };
		27266B6E23E9177D00949DD5 /* SeasonsTableVC.swift */ = {isa = PBXFileReference; lastKnownFileType = sourcecode.swift; path = SeasonsTableVC.swift; sourceTree = "<group>"; };
		27266B7023E9246500949DD5 /* EpisodeDetailVC.swift */ = {isa = PBXFileReference; lastKnownFileType = sourcecode.swift; path = EpisodeDetailVC.swift; sourceTree = "<group>"; };
		27266B7223E9C55200949DD5 /* Show.swift */ = {isa = PBXFileReference; lastKnownFileType = sourcecode.swift; path = Show.swift; sourceTree = "<group>"; };
		27266B7423E9C5AC00949DD5 /* Season.swift */ = {isa = PBXFileReference; lastKnownFileType = sourcecode.swift; path = Season.swift; sourceTree = "<group>"; };
		27266B7623E9C5D200949DD5 /* Episode.swift */ = {isa = PBXFileReference; lastKnownFileType = sourcecode.swift; path = Episode.swift; sourceTree = "<group>"; };
		27266B7923E9C66E00949DD5 /* ShowController.swift */ = {isa = PBXFileReference; lastKnownFileType = sourcecode.swift; path = ShowController.swift; sourceTree = "<group>"; };
/* End PBXFileReference section */

/* Begin PBXFrameworksBuildPhase section */
		27266B4B23E8FFCA00949DD5 /* Frameworks */ = {
			isa = PBXFrameworksBuildPhase;
			buildActionMask = 2147483647;
			files = (
			);
			runOnlyForDeploymentPostprocessing = 0;
		};
/* End PBXFrameworksBuildPhase section */

/* Begin PBXGroup section */
		27266B4523E8FFCA00949DD5 = {
			isa = PBXGroup;
			children = (
				27266B5023E8FFCA00949DD5 /* RayaApp */,
				27266B4F23E8FFCA00949DD5 /* Products */,
			);
			sourceTree = "<group>";
		};
		27266B4F23E8FFCA00949DD5 /* Products */ = {
			isa = PBXGroup;
			children = (
				27266B4E23E8FFCA00949DD5 /* RayaApp.app */,
			);
			name = Products;
			sourceTree = "<group>";
		};
		27266B5023E8FFCA00949DD5 /* RayaApp */ = {
			isa = PBXGroup;
			children = (
				27266B6723E901DB00949DD5 /* Resources */,
				27266B6623E901CD00949DD5 /* Views */,
				27266B7823E9C65E00949DD5 /* Model Controllers */,
				27266B6523E901C600949DD5 /* Models */,
			);
			path = RayaApp;
			sourceTree = "<group>";
		};
		27266B6523E901C600949DD5 /* Models */ = {
			isa = PBXGroup;
			children = (
				27266B7223E9C55200949DD5 /* Show.swift */,
				27266B7423E9C5AC00949DD5 /* Season.swift */,
				27266B7623E9C5D200949DD5 /* Episode.swift */,
			);
			path = Models;
			sourceTree = "<group>";
		};
		27266B6623E901CD00949DD5 /* Views */ = {
			isa = PBXGroup;
			children = (
				27266B6B23E912E400949DD5 /* Custom Cells */,
				27266B6823E9020300949DD5 /* View Controllers */,
			);
			path = Views;
			sourceTree = "<group>";
		};
		27266B6723E901DB00949DD5 /* Resources */ = {
			isa = PBXGroup;
			children = (
				27266B5123E8FFCA00949DD5 /* AppDelegate.swift */,
				27266B5323E8FFCA00949DD5 /* SceneDelegate.swift */,
				27266B5A23E8FFCD00949DD5 /* Assets.xcassets */,
				27266B5C23E8FFCD00949DD5 /* LaunchScreen.storyboard */,
				27266B5F23E8FFCD00949DD5 /* Info.plist */,
			);
			path = Resources;
			sourceTree = "<group>";
		};
		27266B6823E9020300949DD5 /* View Controllers */ = {
			isa = PBXGroup;
			children = (
				27266B6923E9021A00949DD5 /* TVShowSearchVC.swift */,
				27266B6E23E9177D00949DD5 /* SeasonsTableVC.swift */,
				27266B7023E9246500949DD5 /* EpisodeDetailVC.swift */,
			);
			path = "View Controllers";
			sourceTree = "<group>";
		};
		27266B6B23E912E400949DD5 /* Custom Cells */ = {
			isa = PBXGroup;
			children = (
				27266B6C23E9131A00949DD5 /* ShowTableViewCell.swift */,
			);
			path = "Custom Cells";
			sourceTree = "<group>";
		};
		27266B7823E9C65E00949DD5 /* Model Controllers */ = {
			isa = PBXGroup;
			children = (
				27266B7923E9C66E00949DD5 /* ShowController.swift */,
			);
			path = "Model Controllers";
			sourceTree = "<group>";
		};
/* End PBXGroup section */

/* Begin PBXNativeTarget section */
		27266B4D23E8FFCA00949DD5 /* RayaApp */ = {
			isa = PBXNativeTarget;
			buildConfigurationList = 27266B6223E8FFCD00949DD5 /* Build configuration list for PBXNativeTarget "RayaApp" */;
			buildPhases = (
				27266B4A23E8FFCA00949DD5 /* Sources */,
				27266B4B23E8FFCA00949DD5 /* Frameworks */,
				27266B4C23E8FFCA00949DD5 /* Resources */,
			);
			buildRules = (
			);
			dependencies = (
			);
			name = RayaApp;
			productName = RayaApp;
			productReference = 27266B4E23E8FFCA00949DD5 /* RayaApp.app */;
			productType = "com.apple.product-type.application";
		};
/* End PBXNativeTarget section */

/* Begin PBXProject section */
		27266B4623E8FFCA00949DD5 /* Project object */ = {
			isa = PBXProject;
			attributes = {
				LastSwiftUpdateCheck = 1130;
				LastUpgradeCheck = 1130;
				ORGANIZATIONNAME = "Kyle Jennings";
				TargetAttributes = {
					27266B4D23E8FFCA00949DD5 = {
						CreatedOnToolsVersion = 11.3.1;
					};
				};
			};
			buildConfigurationList = 27266B4923E8FFCA00949DD5 /* Build configuration list for PBXProject "RayaApp" */;
			compatibilityVersion = "Xcode 9.3";
			developmentRegion = en;
			hasScannedForEncodings = 0;
			knownRegions = (
				en,
				Base,
			);
			mainGroup = 27266B4523E8FFCA00949DD5;
			productRefGroup = 27266B4F23E8FFCA00949DD5 /* Products */;
			projectDirPath = "";
			projectRoot = "";
			targets = (
				27266B4D23E8FFCA00949DD5 /* RayaApp */,
			);
		};
/* End PBXProject section */

/* Begin PBXResourcesBuildPhase section */
		27266B4C23E8FFCA00949DD5 /* Resources */ = {
			isa = PBXResourcesBuildPhase;
			buildActionMask = 2147483647;
			files = (
				27266B5E23E8FFCD00949DD5 /* LaunchScreen.storyboard in Resources */,
				27266B5B23E8FFCD00949DD5 /* Assets.xcassets in Resources */,
			);
			runOnlyForDeploymentPostprocessing = 0;
		};
/* End PBXResourcesBuildPhase section */

/* Begin PBXSourcesBuildPhase section */
		27266B4A23E8FFCA00949DD5 /* Sources */ = {
			isa = PBXSourcesBuildPhase;
			buildActionMask = 2147483647;
			files = (
				27266B7523E9C5AC00949DD5 /* Season.swift in Sources */,
				27266B5223E8FFCA00949DD5 /* AppDelegate.swift in Sources */,
				27266B7A23E9C66E00949DD5 /* ShowController.swift in Sources */,
				27266B7123E9246500949DD5 /* EpisodeDetailVC.swift in Sources */,
				27266B5423E8FFCA00949DD5 /* SceneDelegate.swift in Sources */,
				27266B6D23E9131A00949DD5 /* ShowTableViewCell.swift in Sources */,
				27266B7323E9C55300949DD5 /* Show.swift in Sources */,
				27266B6A23E9021A00949DD5 /* TVShowSearchVC.swift in Sources */,
				27266B7723E9C5D200949DD5 /* Episode.swift in Sources */,
				27266B6F23E9177D00949DD5 /* SeasonsTableVC.swift in Sources */,
			);
			runOnlyForDeploymentPostprocessing = 0;
		};
/* End PBXSourcesBuildPhase section */

/* Begin PBXVariantGroup section */
		27266B5C23E8FFCD00949DD5 /* LaunchScreen.storyboard */ = {
			isa = PBXVariantGroup;
			children = (
				27266B5D23E8FFCD00949DD5 /* Base */,
			);
			name = LaunchScreen.storyboard;
			sourceTree = "<group>";
		};
/* End PBXVariantGroup section */

/* Begin XCBuildConfiguration section */
		27266B6023E8FFCD00949DD5 /* Debug */ = {
			isa = XCBuildConfiguration;
			buildSettings = {
				ALWAYS_SEARCH_USER_PATHS = NO;
				CLANG_ANALYZER_NONNULL = YES;
				CLANG_ANALYZER_NUMBER_OBJECT_CONVERSION = YES_AGGRESSIVE;
				CLANG_CXX_LANGUAGE_STANDARD = "gnu++14";
				CLANG_CXX_LIBRARY = "libc++";
				CLANG_ENABLE_MODULES = YES;
				CLANG_ENABLE_OBJC_ARC = YES;
				CLANG_ENABLE_OBJC_WEAK = YES;
				CLANG_WARN_BLOCK_CAPTURE_AUTORELEASING = YES;
				CLANG_WARN_BOOL_CONVERSION = YES;
				CLANG_WARN_COMMA = YES;
				CLANG_WARN_CONSTANT_CONVERSION = YES;
				CLANG_WARN_DEPRECATED_OBJC_IMPLEMENTATIONS = YES;
				CLANG_WARN_DIRECT_OBJC_ISA_USAGE = YES_ERROR;
				CLANG_WARN_DOCUMENTATION_COMMENTS = YES;
				CLANG_WARN_EMPTY_BODY = YES;
				CLANG_WARN_ENUM_CONVERSION = YES;
				CLANG_WARN_INFINITE_RECURSION = YES;
				CLANG_WARN_INT_CONVERSION = YES;
				CLANG_WARN_NON_LITERAL_NULL_CONVERSION = YES;
				CLANG_WARN_OBJC_IMPLICIT_RETAIN_SELF = YES;
				CLANG_WARN_OBJC_LITERAL_CONVERSION = YES;
				CLANG_WARN_OBJC_ROOT_CLASS = YES_ERROR;
				CLANG_WARN_RANGE_LOOP_ANALYSIS = YES;
				CLANG_WARN_STRICT_PROTOTYPES = YES;
				CLANG_WARN_SUSPICIOUS_MOVE = YES;
				CLANG_WARN_UNGUARDED_AVAILABILITY = YES_AGGRESSIVE;
				CLANG_WARN_UNREACHABLE_CODE = YES;
				CLANG_WARN__DUPLICATE_METHOD_MATCH = YES;
				COPY_PHASE_STRIP = NO;
				DEBUG_INFORMATION_FORMAT = dwarf;
				ENABLE_STRICT_OBJC_MSGSEND = YES;
				ENABLE_TESTABILITY = YES;
				GCC_C_LANGUAGE_STANDARD = gnu11;
				GCC_DYNAMIC_NO_PIC = NO;
				GCC_NO_COMMON_BLOCKS = YES;
				GCC_OPTIMIZATION_LEVEL = 0;
				GCC_PREPROCESSOR_DEFINITIONS = (
					"DEBUG=1",
					"$(inherited)",
				);
				GCC_WARN_64_TO_32_BIT_CONVERSION = YES;
				GCC_WARN_ABOUT_RETURN_TYPE = YES_ERROR;
				GCC_WARN_UNDECLARED_SELECTOR = YES;
				GCC_WARN_UNINITIALIZED_AUTOS = YES_AGGRESSIVE;
				GCC_WARN_UNUSED_FUNCTION = YES;
				GCC_WARN_UNUSED_VARIABLE = YES;
				IPHONEOS_DEPLOYMENT_TARGET = 13.2;
				MTL_ENABLE_DEBUG_INFO = INCLUDE_SOURCE;
				MTL_FAST_MATH = YES;
				ONLY_ACTIVE_ARCH = YES;
				SDKROOT = iphoneos;
				SWIFT_ACTIVE_COMPILATION_CONDITIONS = DEBUG;
				SWIFT_OPTIMIZATION_LEVEL = "-Onone";
			};
			name = Debug;
		};
		27266B6123E8FFCD00949DD5 /* Release */ = {
			isa = XCBuildConfiguration;
			buildSettings = {
				ALWAYS_SEARCH_USER_PATHS = NO;
				CLANG_ANALYZER_NONNULL = YES;
				CLANG_ANALYZER_NUMBER_OBJECT_CONVERSION = YES_AGGRESSIVE;
				CLANG_CXX_LANGUAGE_STANDARD = "gnu++14";
				CLANG_CXX_LIBRARY = "libc++";
				CLANG_ENABLE_MODULES = YES;
				CLANG_ENABLE_OBJC_ARC = YES;
				CLANG_ENABLE_OBJC_WEAK = YES;
				CLANG_WARN_BLOCK_CAPTURE_AUTORELEASING = YES;
				CLANG_WARN_BOOL_CONVERSION = YES;
				CLANG_WARN_COMMA = YES;
				CLANG_WARN_CONSTANT_CONVERSION = YES;
				CLANG_WARN_DEPRECATED_OBJC_IMPLEMENTATIONS = YES;
				CLANG_WARN_DIRECT_OBJC_ISA_USAGE = YES_ERROR;
				CLANG_WARN_DOCUMENTATION_COMMENTS = YES;
				CLANG_WARN_EMPTY_BODY = YES;
				CLANG_WARN_ENUM_CONVERSION = YES;
				CLANG_WARN_INFINITE_RECURSION = YES;
				CLANG_WARN_INT_CONVERSION = YES;
				CLANG_WARN_NON_LITERAL_NULL_CONVERSION = YES;
				CLANG_WARN_OBJC_IMPLICIT_RETAIN_SELF = YES;
				CLANG_WARN_OBJC_LITERAL_CONVERSION = YES;
				CLANG_WARN_OBJC_ROOT_CLASS = YES_ERROR;
				CLANG_WARN_RANGE_LOOP_ANALYSIS = YES;
				CLANG_WARN_STRICT_PROTOTYPES = YES;
				CLANG_WARN_SUSPICIOUS_MOVE = YES;
				CLANG_WARN_UNGUARDED_AVAILABILITY = YES_AGGRESSIVE;
				CLANG_WARN_UNREACHABLE_CODE = YES;
				CLANG_WARN__DUPLICATE_METHOD_MATCH = YES;
				COPY_PHASE_STRIP = NO;
				DEBUG_INFORMATION_FORMAT = "dwarf-with-dsym";
				ENABLE_NS_ASSERTIONS = NO;
				ENABLE_STRICT_OBJC_MSGSEND = YES;
				GCC_C_LANGUAGE_STANDARD = gnu11;
				GCC_NO_COMMON_BLOCKS = YES;
				GCC_WARN_64_TO_32_BIT_CONVERSION = YES;
				GCC_WARN_ABOUT_RETURN_TYPE = YES_ERROR;
				GCC_WARN_UNDECLARED_SELECTOR = YES;
				GCC_WARN_UNINITIALIZED_AUTOS = YES_AGGRESSIVE;
				GCC_WARN_UNUSED_FUNCTION = YES;
				GCC_WARN_UNUSED_VARIABLE = YES;
				IPHONEOS_DEPLOYMENT_TARGET = 13.2;
				MTL_ENABLE_DEBUG_INFO = NO;
				MTL_FAST_MATH = YES;
				SDKROOT = iphoneos;
				SWIFT_COMPILATION_MODE = wholemodule;
				SWIFT_OPTIMIZATION_LEVEL = "-O";
				VALIDATE_PRODUCT = YES;
			};
			name = Release;
		};
		27266B6323E8FFCD00949DD5 /* Debug */ = {
			isa = XCBuildConfiguration;
			buildSettings = {
				ASSETCATALOG_COMPILER_APPICON_NAME = AppIcon;
				CODE_SIGN_STYLE = Automatic;
				DEVELOPMENT_TEAM = T6W6ADR42Z;
				INFOPLIST_FILE = RayaApp/Resources/Info.plist;
				IPHONEOS_DEPLOYMENT_TARGET = 13.0;
				LD_RUNPATH_SEARCH_PATHS = (
					"$(inherited)",
					"@executable_path/Frameworks",
				);
				PRODUCT_BUNDLE_IDENTIFIER = net.kylejennings.RayaApp;
				PRODUCT_NAME = "$(TARGET_NAME)";
				SWIFT_VERSION = 5.0;
				TARGETED_DEVICE_FAMILY = 1;
			};
			name = Debug;
		};
		27266B6423E8FFCD00949DD5 /* Release */ = {
			isa = XCBuildConfiguration;
			buildSettings = {
				ASSETCATALOG_COMPILER_APPICON_NAME = AppIcon;
				CODE_SIGN_STYLE = Automatic;
				DEVELOPMENT_TEAM = T6W6ADR42Z;
				INFOPLIST_FILE = RayaApp/Resources/Info.plist;
				IPHONEOS_DEPLOYMENT_TARGET = 13.0;
				LD_RUNPATH_SEARCH_PATHS = (
					"$(inherited)",
					"@executable_path/Frameworks",
				);
				PRODUCT_BUNDLE_IDENTIFIER = net.kylejennings.RayaApp;
				PRODUCT_NAME = "$(TARGET_NAME)";
				SWIFT_VERSION = 5.0;
				TARGETED_DEVICE_FAMILY = 1;
			};
			name = Release;
		};
/* End XCBuildConfiguration section */

/* Begin XCConfigurationList section */
		27266B4923E8FFCA00949DD5 /* Build configuration list for PBXProject "RayaApp" */ = {
			isa = XCConfigurationList;
			buildConfigurations = (
				27266B6023E8FFCD00949DD5 /* Debug */,
				27266B6123E8FFCD00949DD5 /* Release */,
			);
			defaultConfigurationIsVisible = 0;
			defaultConfigurationName = Release;
		};
		27266B6223E8FFCD00949DD5 /* Build configuration list for PBXNativeTarget "RayaApp" */ = {
			isa = XCConfigurationList;
			buildConfigurations = (
				27266B6323E8FFCD00949DD5 /* Debug */,
				27266B6423E8FFCD00949DD5 /* Release */,
			);
			defaultConfigurationIsVisible = 0;
			defaultConfigurationName = Release;
		};
/* End XCConfigurationList section */
	};
	rootObject = 27266B4623E8FFCA00949DD5 /* Project object */;
}
